
Microsoft Visual Studio Solution File, Format Version 12.00
# Visual Studio 14
VisualStudioVersion = 14.0.25420.1
MinimumVisualStudioVersion = 10.0.40219.1
Project("{FAE04EC0-301F-11D3-BF4B-00C04F79EFBC}") = "Tests", "Tests\Tests.csproj", "{00089F8D-FF3A-43C7-B74A-6F1FE3F30CCF}"
EndProject
Project("{2150E333-8FDC-42A3-9474-1A3956D46DE8}") = "Solution Items", "Solution Items", "{60E894EC-9875-4C99-A569-330CCC611D5E}"
	ProjectSection(SolutionItems) = preProject
		appveyor.yml = appveyor.yml
		DeepComparison\DeepComparison.nuspec = DeepComparison\DeepComparison.nuspec
	EndProjectSection
EndProject
Project("{FAE04EC0-301F-11D3-BF4B-00C04F79EFBC}") = "DeepComparison", "DeepComparison\DeepComparison.csproj", "{1248EA7B-35DF-4EE2-9B67-3E82E9A42414}"
EndProject
Global
	GlobalSection(SolutionConfigurationPlatforms) = preSolution
		Debug|Any CPU = Debug|Any CPU
		Release|Any CPU = Release|Any CPU
	EndGlobalSection
	GlobalSection(ProjectConfigurationPlatforms) = postSolution
		{00089F8D-FF3A-43C7-B74A-6F1FE3F30CCF}.Debug|Any CPU.ActiveCfg = Debug|Any CPU
		{00089F8D-FF3A-43C7-B74A-6F1FE3F30CCF}.Debug|Any CPU.Build.0 = Debug|Any CPU
		{00089F8D-FF3A-43C7-B74A-6F1FE3F30CCF}.Release|Any CPU.ActiveCfg = Release|Any CPU
		{00089F8D-FF3A-43C7-B74A-6F1FE3F30CCF}.Release|Any CPU.Build.0 = Release|Any CPU
		{1248EA7B-35DF-4EE2-9B67-3E82E9A42414}.Debug|Any CPU.ActiveCfg = Debug|Any CPU
		{1248EA7B-35DF-4EE2-9B67-3E82E9A42414}.Debug|Any CPU.Build.0 = Debug|Any CPU
		{1248EA7B-35DF-4EE2-9B67-3E82E9A42414}.Release|Any CPU.ActiveCfg = Release|Any CPU
		{1248EA7B-35DF-4EE2-9B67-3E82E9A42414}.Release|Any CPU.Build.0 = Release|Any CPU
	EndGlobalSection
	GlobalSection(SolutionProperties) = preSolution
		HideSolutionNode = FALSE
	EndGlobalSection
EndGlobal
